
Microsoft Visual Studio Solution File, Format Version 12.00
# Visual Studio Version 17
VisualStudioVersion = 17.11.35327.3
MinimumVisualStudioVersion = 10.0.40219.1
Project("{FAE04EC0-301F-11D3-BF4B-00C04F79EFBC}") = "API", "API\API.csproj", "{44649E04-EEE0-4D6D-BDE1-F3D9E1EF5D67}"
EndProject
Project("{FAE04EC0-301F-11D3-BF4B-00C04F79EFBC}") = "Core", "Core\Core.csproj", "{262C772F-E2C3-45AD-AC10-E1F02A8D8FA2}"
EndProject
Project("{FAE04EC0-301F-11D3-BF4B-00C04F79EFBC}") = "Infrastructure", "Infrastructure\Infrastructure.csproj", "{D64124DE-2909-407B-A6BA-DAA7A13A8865}"
EndProject
Global
	GlobalSection(SolutionConfigurationPlatforms) = preSolution
		Debug|Any CPU = Debug|Any CPU
		Release|Any CPU = Release|Any CPU
	EndGlobalSection
	GlobalSection(ProjectConfigurationPlatforms) = postSolution
		{44649E04-EEE0-4D6D-BDE1-F3D9E1EF5D67}.Debug|Any CPU.ActiveCfg = Debug|Any CPU
		{44649E04-EEE0-4D6D-BDE1-F3D9E1EF5D67}.Debug|Any CPU.Build.0 = Debug|Any CPU
		{44649E04-EEE0-4D6D-BDE1-F3D9E1EF5D67}.Release|Any CPU.ActiveCfg = Release|Any CPU
		{44649E04-EEE0-4D6D-BDE1-F3D9E1EF5D67}.Release|Any CPU.Build.0 = Release|Any CPU
		{262C772F-E2C3-45AD-AC10-E1F02A8D8FA2}.Debug|Any CPU.ActiveCfg = Debug|Any CPU
		{262C772F-E2C3-45AD-AC10-E1F02A8D8FA2}.Debug|Any CPU.Build.0 = Debug|Any CPU
		{262C772F-E2C3-45AD-AC10-E1F02A8D8FA2}.Release|Any CPU.ActiveCfg = Release|Any CPU
		{262C772F-E2C3-45AD-AC10-E1F02A8D8FA2}.Release|Any CPU.Build.0 = Release|Any CPU
		{D64124DE-2909-407B-A6BA-DAA7A13A8865}.Debug|Any CPU.ActiveCfg = Debug|Any CPU
		{D64124DE-2909-407B-A6BA-DAA7A13A8865}.Debug|Any CPU.Build.0 = Debug|Any CPU
		{D64124DE-2909-407B-A6BA-DAA7A13A8865}.Release|Any CPU.ActiveCfg = Release|Any CPU
		{D64124DE-2909-407B-A6BA-DAA7A13A8865}.Release|Any CPU.Build.0 = Release|Any CPU
	EndGlobalSection
	GlobalSection(SolutionProperties) = preSolution
		HideSolutionNode = FALSE
	EndGlobalSection
	GlobalSection(ExtensibilityGlobals) = postSolution
		SolutionGuid = {B8DFEF97-B546-4E1F-8C4F-7D44FACF6A5C}
	EndGlobalSection
EndGlobal
